
Microsoft Visual Studio Solution File, Format Version 12.00
# Visual Studio Version 17
VisualStudioVersion = 17.4.33205.214
MinimumVisualStudioVersion = 10.0.40219.1
Project("{FAE04EC0-301F-11D3-BF4B-00C04F79EFBC}") = "TodoApp", "TodoApp\TodoApp.csproj", "{AFF1971E-41CC-4E0C-957B-317BA8003903}"
EndProject
Global
	GlobalSection(SolutionConfigurationPlatforms) = preSolution
		Debug|Any CPU = Debug|Any CPU
		Release|Any CPU = Release|Any CPU
	EndGlobalSection
	GlobalSection(ProjectConfigurationPlatforms) = postSolution
		{AFF1971E-41CC-4E0C-957B-317BA8003903}.Debug|Any CPU.ActiveCfg = Debug|Any CPU
		{AFF1971E-41CC-4E0C-957B-317BA8003903}.Debug|Any CPU.Build.0 = Debug|Any CPU
		{AFF1971E-41CC-4E0C-957B-317BA8003903}.Release|Any CPU.ActiveCfg = Release|Any CPU
		{AFF1971E-41CC-4E0C-957B-317BA8003903}.Release|Any CPU.Build.0 = Release|Any CPU
	EndGlobalSection
	GlobalSection(SolutionProperties) = preSolution
		HideSolutionNode = FALSE
	EndGlobalSection
	GlobalSection(ExtensibilityGlobals) = postSolution
		SolutionGuid = {50CBA596-FB7E-4B55-AD57-612ADB963D8F}
	EndGlobalSection
EndGlobal
